
Microsoft Visual Studio Solution File, Format Version 12.00
# Visual Studio Version 16
VisualStudioVersion = 16.0.31321.278
MinimumVisualStudioVersion = 10.0.40219.1
Project("{9A19103F-16F7-4668-BE54-9A1E7A4F7556}") = "IASUP_to_Lims", "IASUP_to_Lims\IASUP_to_Lims.csproj", "{068078F1-84C5-4785-9A01-690B01ED0199}"
EndProject
Global
	GlobalSection(SolutionConfigurationPlatforms) = preSolution
		Debug|Any CPU = Debug|Any CPU
		Release|Any CPU = Release|Any CPU
	EndGlobalSection
	GlobalSection(ProjectConfigurationPlatforms) = postSolution
		{068078F1-84C5-4785-9A01-690B01ED0199}.Debug|Any CPU.ActiveCfg = Debug|Any CPU
		{068078F1-84C5-4785-9A01-690B01ED0199}.Debug|Any CPU.Build.0 = Debug|Any CPU
		{068078F1-84C5-4785-9A01-690B01ED0199}.Release|Any CPU.ActiveCfg = Release|Any CPU
		{068078F1-84C5-4785-9A01-690B01ED0199}.Release|Any CPU.Build.0 = Release|Any CPU
	EndGlobalSection
	GlobalSection(SolutionProperties) = preSolution
		HideSolutionNode = FALSE
	EndGlobalSection
	GlobalSection(ExtensibilityGlobals) = postSolution
		SolutionGuid = {59518484-C670-409F-8818-A73640E9A8D7}
	EndGlobalSection
EndGlobal
